
Microsoft Visual Studio Solution File, Format Version 12.00
# Visual Studio 15
VisualStudioVersion = 15.0.27004.2009
MinimumVisualStudioVersion = 10.0.40219.1
Project("{FAE04EC0-301F-11D3-BF4B-00C04F79EFBC}") = "iDentalManager", "iDentalManager\iDentalManager.csproj", "{B141720C-0C5F-478F-A2D7-A5B7718C81FE}"
EndProject
Global
	GlobalSection(SolutionConfigurationPlatforms) = preSolution
		Debug|Any CPU = Debug|Any CPU
		Release|Any CPU = Release|Any CPU
	EndGlobalSection
	GlobalSection(ProjectConfigurationPlatforms) = postSolution
		{B141720C-0C5F-478F-A2D7-A5B7718C81FE}.Debug|Any CPU.ActiveCfg = Debug|Any CPU
		{B141720C-0C5F-478F-A2D7-A5B7718C81FE}.Debug|Any CPU.Build.0 = Debug|Any CPU
		{B141720C-0C5F-478F-A2D7-A5B7718C81FE}.Release|Any CPU.ActiveCfg = Release|Any CPU
		{B141720C-0C5F-478F-A2D7-A5B7718C81FE}.Release|Any CPU.Build.0 = Release|Any CPU
	EndGlobalSection
	GlobalSection(SolutionProperties) = preSolution
		HideSolutionNode = FALSE
	EndGlobalSection
	GlobalSection(ExtensibilityGlobals) = postSolution
		SolutionGuid = {13BF4129-C5B0-43F8-9BA6-C3E39486330E}
	EndGlobalSection
EndGlobal
